
Microsoft Visual Studio Solution File, Format Version 12.00
# Visual Studio Version 17
VisualStudioVersion = 17.2.32616.157
MinimumVisualStudioVersion = 10.0.40219.1
Project("{FAE04EC0-301F-11D3-BF4B-00C04F79EFBC}") = "SimpleExample", "SimpleExample.csproj", "{3501BB06-B3AC-4865-8094-B51255B21CDD}"
EndProject
Global
	GlobalSection(SolutionConfigurationPlatforms) = preSolution
		Debug|Any CPU = Debug|Any CPU
		Release|Any CPU = Release|Any CPU
	EndGlobalSection
	GlobalSection(ProjectConfigurationPlatforms) = postSolution
		{3501BB06-B3AC-4865-8094-B51255B21CDD}.Debug|Any CPU.ActiveCfg = Debug|Any CPU
		{3501BB06-B3AC-4865-8094-B51255B21CDD}.Debug|Any CPU.Build.0 = Debug|Any CPU
		{3501BB06-B3AC-4865-8094-B51255B21CDD}.Release|Any CPU.ActiveCfg = Release|Any CPU
		{3501BB06-B3AC-4865-8094-B51255B21CDD}.Release|Any CPU.Build.0 = Release|Any CPU
	EndGlobalSection
	GlobalSection(SolutionProperties) = preSolution
		HideSolutionNode = FALSE
	EndGlobalSection
	GlobalSection(ExtensibilityGlobals) = postSolution
		SolutionGuid = {D0A66413-0C1F-4B28-853C-26AEADB96DC2}
	EndGlobalSection
EndGlobal
